
Microsoft Visual Studio Solution File, Format Version 12.00
# Visual Studio Version 16
VisualStudioVersion = 16.0.808.4
MinimumVisualStudioVersion = 10.0.40219.1
Project("{FAE04EC0-301F-11D3-BF4B-00C04F79EFBC}") = "DL444.Ucqu.Models", "DL444.Ucqu.Models\DL444.Ucqu.Models.csproj", "{07AFEFEE-F313-4F07-B908-17EC6E6C61A0}"
EndProject
Project("{FAE04EC0-301F-11D3-BF4B-00C04F79EFBC}") = "DL444.Ucqu.Client", "DL444.Ucqu.Client\DL444.Ucqu.Client.csproj", "{A8D18280-7A4A-42D2-B1C2-B940BFC5AA00}"
EndProject
Project("{FAE04EC0-301F-11D3-BF4B-00C04F79EFBC}") = "DL444.Ucqu.Backend", "DL444.Ucqu.Backend\DL444.Ucqu.Backend.csproj", "{1EDCA2E9-EC18-44F4-8751-25B60B3AF9BF}"
EndProject
Global
	GlobalSection(SolutionConfigurationPlatforms) = preSolution
		Debug|Any CPU = Debug|Any CPU
		Release|Any CPU = Release|Any CPU
	EndGlobalSection
	GlobalSection(ProjectConfigurationPlatforms) = postSolution
		{07AFEFEE-F313-4F07-B908-17EC6E6C61A0}.Debug|Any CPU.ActiveCfg = Debug|Any CPU
		{07AFEFEE-F313-4F07-B908-17EC6E6C61A0}.Debug|Any CPU.Build.0 = Debug|Any CPU
		{07AFEFEE-F313-4F07-B908-17EC6E6C61A0}.Release|Any CPU.ActiveCfg = Release|Any CPU
		{07AFEFEE-F313-4F07-B908-17EC6E6C61A0}.Release|Any CPU.Build.0 = Release|Any CPU
		{A8D18280-7A4A-42D2-B1C2-B940BFC5AA00}.Debug|Any CPU.ActiveCfg = Debug|Any CPU
		{A8D18280-7A4A-42D2-B1C2-B940BFC5AA00}.Debug|Any CPU.Build.0 = Debug|Any CPU
		{A8D18280-7A4A-42D2-B1C2-B940BFC5AA00}.Release|Any CPU.ActiveCfg = Release|Any CPU
		{A8D18280-7A4A-42D2-B1C2-B940BFC5AA00}.Release|Any CPU.Build.0 = Release|Any CPU
		{1EDCA2E9-EC18-44F4-8751-25B60B3AF9BF}.Debug|Any CPU.ActiveCfg = Debug|Any CPU
		{1EDCA2E9-EC18-44F4-8751-25B60B3AF9BF}.Debug|Any CPU.Build.0 = Debug|Any CPU
		{1EDCA2E9-EC18-44F4-8751-25B60B3AF9BF}.Release|Any CPU.ActiveCfg = Release|Any CPU
		{1EDCA2E9-EC18-44F4-8751-25B60B3AF9BF}.Release|Any CPU.Build.0 = Release|Any CPU
	EndGlobalSection
	GlobalSection(SolutionProperties) = preSolution
		HideSolutionNode = FALSE
	EndGlobalSection
	GlobalSection(ExtensibilityGlobals) = postSolution
		SolutionGuid = {79F3833F-F1D5-4D5A-926E-5C21A65961A7}
	EndGlobalSection
EndGlobal
