
Microsoft Visual Studio Solution File, Format Version 12.00
# Visual Studio Version 16
VisualStudioVersion = 16.0.808.4
MinimumVisualStudioVersion = 10.0.40219.1
Project("{FAE04EC0-301F-11D3-BF4B-00C04F79EFBC}") = "DL444.Ucqu.Library", "DL444.Ucqu.Library\DL444.Ucqu.Library.csproj", "{DFF69249-9D92-4E20-98C5-9A68B6042E80}"
EndProject
Global
	GlobalSection(SolutionConfigurationPlatforms) = preSolution
		Debug|Any CPU = Debug|Any CPU
		Release|Any CPU = Release|Any CPU
	EndGlobalSection
	GlobalSection(ProjectConfigurationPlatforms) = postSolution
		{DFF69249-9D92-4E20-98C5-9A68B6042E80}.Debug|Any CPU.ActiveCfg = Debug|Any CPU
		{DFF69249-9D92-4E20-98C5-9A68B6042E80}.Debug|Any CPU.Build.0 = Debug|Any CPU
		{DFF69249-9D92-4E20-98C5-9A68B6042E80}.Release|Any CPU.ActiveCfg = Release|Any CPU
		{DFF69249-9D92-4E20-98C5-9A68B6042E80}.Release|Any CPU.Build.0 = Release|Any CPU
	EndGlobalSection
	GlobalSection(SolutionProperties) = preSolution
		HideSolutionNode = FALSE
	EndGlobalSection
	GlobalSection(ExtensibilityGlobals) = postSolution
		SolutionGuid = {79F3833F-F1D5-4D5A-926E-5C21A65961A7}
	EndGlobalSection
EndGlobal
